
Microsoft Visual Studio Solution File, Format Version 12.00
# Visual Studio Version 16
VisualStudioVersion = 16.0.29411.108
MinimumVisualStudioVersion = 10.0.40219.1
Project("{9A19103F-16F7-4668-BE54-9A1E7A4F7556}") = "AzureDevopsSampleApp", "AzureDevopsSampleApp\AzureDevopsSampleApp.csproj", "{EA925043-6BE4-4D9A-859C-8E3AC249350F}"
EndProject
Project("{2150E333-8FDC-42A3-9474-1A3956D46DE8}") = "tests", "tests", "{CED4A4DE-C0CB-4D47-B424-F8C532D06802}"
EndProject
Project("{FAE04EC0-301F-11D3-BF4B-00C04F79EFBC}") = "AzureDevopsSampleTests", "AzureDevopsSampleTests\AzureDevopsSampleTests.csproj", "{A4046957-46BD-442F-89BB-0C97F2954F7D}"
EndProject
Global
	GlobalSection(SolutionConfigurationPlatforms) = preSolution
		Debug|Any CPU = Debug|Any CPU
		Release|Any CPU = Release|Any CPU
	EndGlobalSection
	GlobalSection(ProjectConfigurationPlatforms) = postSolution
		{EA925043-6BE4-4D9A-859C-8E3AC249350F}.Debug|Any CPU.ActiveCfg = Debug|Any CPU
		{EA925043-6BE4-4D9A-859C-8E3AC249350F}.Debug|Any CPU.Build.0 = Debug|Any CPU
		{EA925043-6BE4-4D9A-859C-8E3AC249350F}.Release|Any CPU.ActiveCfg = Release|Any CPU
		{EA925043-6BE4-4D9A-859C-8E3AC249350F}.Release|Any CPU.Build.0 = Release|Any CPU
		{A4046957-46BD-442F-89BB-0C97F2954F7D}.Debug|Any CPU.ActiveCfg = Debug|Any CPU
		{A4046957-46BD-442F-89BB-0C97F2954F7D}.Debug|Any CPU.Build.0 = Debug|Any CPU
		{A4046957-46BD-442F-89BB-0C97F2954F7D}.Release|Any CPU.ActiveCfg = Release|Any CPU
		{A4046957-46BD-442F-89BB-0C97F2954F7D}.Release|Any CPU.Build.0 = Release|Any CPU
	EndGlobalSection
	GlobalSection(SolutionProperties) = preSolution
		HideSolutionNode = FALSE
	EndGlobalSection
	GlobalSection(NestedProjects) = preSolution
		{A4046957-46BD-442F-89BB-0C97F2954F7D} = {CED4A4DE-C0CB-4D47-B424-F8C532D06802}
	EndGlobalSection
	GlobalSection(ExtensibilityGlobals) = postSolution
		SolutionGuid = {65B42F60-92FE-4795-B815-06298BB216F3}
	EndGlobalSection
EndGlobal
